NeoBundleLock AnsiEsc.vim d2bb7878622e4c16203acf1c92a0f4bc7ac58003
NeoBundleLock neobundle.vim eefc3b845612d9476fc43efe495945c32d13cb5d
NeoBundleLock neomru.vim e86ebb07c3498e81b13a195330831eb845555633
NeoBundleLock nerdtree 4ebbb533c3faf2c480211db2b547972bb3b60f2b
NeoBundleLock tagbar 7b36c46d17d57db34fdb0adac9ba6382d0bb5e66
NeoBundleLock tcomment_vim 7fd7d1da62ae648cf0dc8908c450660bfa1b13b2
NeoBundleLock unite.vim 47db5a4521173372c10d926b88de1fb945690472
NeoBundleLock vim-endwise 0067ceda37725d01b7bd5bf249d63b1b5d4e2ab4
NeoBundleLock vim-go 5f64a57caa7f999e9f5ee771113b35f5c8513cd8
NeoBundleLock vim-gocode 9c8a27a130932c801037129016d6afa73a04156a
NeoBundleLock vim-indent-guides 49bde6fa30648345ffabfe55b3a095a293568a2e
NeoBundleLock vim-quickrun ac9f4be0698dffb30ebdf284f8ba5abbaab5eaca
NeoBundleLock vim-rails abf87ba2ebe07e1a4112a7921c06842070ef2f81
